
Microsoft Visual Studio Solution File, Format Version 12.00
# Visual Studio 15
VisualStudioVersion = 15.0.27703.2042
MinimumVisualStudioVersion = 10.0.40219.1
Project("{FAE04EC0-301F-11D3-BF4B-00C04F79EFBC}") = "allSorts", "allSorts\allSorts.csproj", "{2DF71ED8-FCCA-42B3-95D2-9B18A34996D5}"
EndProject
Global
	GlobalSection(SolutionConfigurationPlatforms) = preSolution
		Debug|Any CPU = Debug|Any CPU
		Release|Any CPU = Release|Any CPU
	EndGlobalSection
	GlobalSection(ProjectConfigurationPlatforms) = postSolution
		{2DF71ED8-FCCA-42B3-95D2-9B18A34996D5}.Debug|Any CPU.ActiveCfg = Debug|Any CPU
		{2DF71ED8-FCCA-42B3-95D2-9B18A34996D5}.Debug|Any CPU.Build.0 = Debug|Any CPU
		{2DF71ED8-FCCA-42B3-95D2-9B18A34996D5}.Release|Any CPU.ActiveCfg = Release|Any CPU
		{2DF71ED8-FCCA-42B3-95D2-9B18A34996D5}.Release|Any CPU.Build.0 = Release|Any CPU
	EndGlobalSection
	GlobalSection(SolutionProperties) = preSolution
		HideSolutionNode = FALSE
	EndGlobalSection
	GlobalSection(ExtensibilityGlobals) = postSolution
		SolutionGuid = {B5E71FA9-C3B9-4BAC-955F-CA8AAF0F95FB}
	EndGlobalSection
EndGlobal
